// !$*UTF8*$!
{
	archiveVersion = 1;
	classes = {
	};
	objectVersion = 48;
	objects = {

/* Begin PBXBuildFile section */
		6485FF3E4013456E498E9A11 /* libPods-ZZeActionC.a in Frameworks */ = {isa = PBXBuildFile; fileRef = 5470BC643DFA8780B1E6F762 /* libPods-ZZeActionC.a */; };
		75EAA3641F9DF07B00A8DBCF /* AppDelegate.m in Sources */ = {isa = PBXBuildFile; fileRef = 75EAA3631F9DF07B00A8DBCF /* AppDelegate.m */; };
		75EAA3671F9DF07B00A8DBCF /* ViewController.m in Sources */ = {isa = PBXBuildFile; fileRef = 75EAA3661F9DF07B00A8DBCF /* ViewController.m */; };
		75EAA36A1F9DF07B00A8DBCF /* Main.storyboard in Resources */ = {isa = PBXBuildFile; fileRef = 75EAA3681F9DF07B00A8DBCF /* Main.storyboard */; };
		75EAA36C1F9DF07C00A8DBCF /* Assets.xcassets in Resources */ = {isa = PBXBuildFile; fileRef = 75EAA36B1F9DF07C00A8DBCF /* Assets.xcassets */; };
		75EAA36F1F9DF07C00A8DBCF /* LaunchScreen.storyboard in Resources */ = {isa = PBXBuildFile; fileRef = 75EAA36D1F9DF07C00A8DBCF /* LaunchScreen.storyboard */; };
		75EAA3721F9DF07C00A8DBCF /* main.m in Sources */ = {isa = PBXBuildFile; fileRef = 75EAA3711F9DF07C00A8DBCF /* main.m */; };
		75EAA38C1FA0381A00A8DBCF /* C_options.m in Sources */ = {isa = PBXBuildFile; fileRef = 75EAA38B1FA0381A00A8DBCF /* C_options.m */; };
/* End PBXBuildFile section */

/* Begin PBXFileReference section */
		019EBFAD294052FD7647BA2A /* Pods-ZZeActionC.debug.xcconfig */ = {isa = PBXFileReference; includeInIndex = 1; lastKnownFileType = text.xcconfig; name = "Pods-ZZeActionC.debug.xcconfig"; path = "Pods/Target Support Files/Pods-ZZeActionC/Pods-ZZeActionC.debug.xcconfig"; sourceTree = "<group>"; };
		337C527AE3512DA49414C135 /* Pods-ZZeActionC.release.xcconfig */ = {isa = PBXFileReference; includeInIndex = 1; lastKnownFileType = text.xcconfig; name = "Pods-ZZeActionC.release.xcconfig"; path = "Pods/Target Support Files/Pods-ZZeActionC/Pods-ZZeActionC.release.xcconfig"; sourceTree = "<group>"; };
		5470BC643DFA8780B1E6F762 /* libPods-ZZeActionC.a */ = {isa = PBXFileReference; explicitFileType = archive.ar; includeInIndex = 0; path = "libPods-ZZeActionC.a"; sourceTree = BUILT_PRODUCTS_DIR; };
		75EAA35F1F9DF07B00A8DBCF /* ZZeActionC.app */ = {isa = PBXFileReference; explicitFileType = wrapper.application; includeInIndex = 0; path = ZZeActionC.app; sourceTree = BUILT_PRODUCTS_DIR; };
		75EAA3621F9DF07B00A8DBCF /* AppDelegate.h */ = {isa = PBXFileReference; lastKnownFileType = sourcecode.c.h; path = AppDelegate.h; sourceTree = "<group>"; };
		75EAA3631F9DF07B00A8DBCF /* AppDelegate.m */ = {isa = PBXFileReference; lastKnownFileType = sourcecode.c.objc; path = AppDelegate.m; sourceTree = "<group>"; };
		75EAA3651F9DF07B00A8DBCF /* ViewController.h */ = {isa = PBXFileReference; lastKnownFileType = sourcecode.c.h; path = ViewController.h; sourceTree = "<group>"; };
		75EAA3661F9DF07B00A8DBCF /* ViewController.m */ = {isa = PBXFileReference; lastKnownFileType = sourcecode.c.objc; path = ViewController.m; sourceTree = "<group>"; };
		75EAA3691F9DF07B00A8DBCF /* Base */ = {isa = PBXFileReference; lastKnownFileType = file.storyboard; name = Base; path = Base.lproj/Main.storyboard; sourceTree = "<group>"; };
		75EAA36B1F9DF07C00A8DBCF /* Assets.xcassets */ = {isa = PBXFileReference; lastKnownFileType = folder.assetcatalog; path = Assets.xcassets; sourceTree = "<group>"; };
		75EAA36E1F9DF07C00A8DBCF /* Base */ = {isa = PBXFileReference; lastKnownFileType = file.storyboard; name = Base; path = Base.lproj/LaunchScreen.storyboard; sourceTree = "<group>"; };
		75EAA3701F9DF07C00A8DBCF /* Info.plist */ = {isa = PBXFileReference; lastKnownFileType = text.plist.xml; path = Info.plist; sourceTree = "<group>"; };
		75EAA3711F9DF07C00A8DBCF /* main.m */ = {isa = PBXFileReference; lastKnownFileType = sourcecode.c.objc; path = main.m; sourceTree = "<group>"; };
		75EAA38A1FA0381A00A8DBCF /* C_options.h */ = {isa = PBXFileReference; fileEncoding = 4; lastKnownFileType = sourcecode.c.h; path = C_options.h; sourceTree = "<group>"; };
		75EAA38B1FA0381A00A8DBCF /* C_options.m */ = {isa = PBXFileReference; fileEncoding = 4; lastKnownFileType = sourcecode.c.objc; path = C_options.m; sourceTree = "<group>"; };
/* End PBXFileReference section */

/* Begin PBXFrameworksBuildPhase section */
		75EAA35C1F9DF07B00A8DBCF /* Frameworks */ = {
			isa = PBXFrameworksBuildPhase;
			buildActionMask = 2147483647;
			files = (
				6485FF3E4013456E498E9A11 /* libPods-ZZeActionC.a in Frameworks */,
			);
			runOnlyForDeploymentPostprocessing = 0;
		};
/* End PBXFrameworksBuildPhase section */

/* Begin PBXGroup section */
		0096302C0C1C4D957123DB6D /* Pods */ = {
			isa = PBXGroup;
			children = (
				019EBFAD294052FD7647BA2A /* Pods-ZZeActionC.debug.xcconfig */,
				337C527AE3512DA49414C135 /* Pods-ZZeActionC.release.xcconfig */,
			);
			name = Pods;
			sourceTree = "<group>";
		};
		75EAA3561F9DF07A00A8DBCF = {
			isa = PBXGroup;
			children = (
				75EAA3611F9DF07B00A8DBCF /* ZZeActionC */,
				75EAA3601F9DF07B00A8DBCF /* Products */,
				0096302C0C1C4D957123DB6D /* Pods */,
				8821C1F8393BAC0F9F36CF8F /* Frameworks */,
			);
			sourceTree = "<group>";
		};
		75EAA3601F9DF07B00A8DBCF /* Products */ = {
			isa = PBXGroup;
			children = (
				75EAA35F1F9DF07B00A8DBCF /* ZZeActionC.app */,
			);
			name = Products;
			sourceTree = "<group>";
		};
		75EAA3611F9DF07B00A8DBCF /* ZZeActionC */ = {
			isa = PBXGroup;
			children = (
				75EAA3891FA037FF00A8DBCF /* options */,
				75EAA3621F9DF07B00A8DBCF /* AppDelegate.h */,
				75EAA3631F9DF07B00A8DBCF /* AppDelegate.m */,
				75EAA3651F9DF07B00A8DBCF /* ViewController.h */,
				75EAA3661F9DF07B00A8DBCF /* ViewController.m */,
				75EAA3681F9DF07B00A8DBCF /* Main.storyboard */,
				75EAA36B1F9DF07C00A8DBCF /* Assets.xcassets */,
				75EAA36D1F9DF07C00A8DBCF /* LaunchScreen.storyboard */,
				75EAA3701F9DF07C00A8DBCF /* Info.plist */,
				75EAA3711F9DF07C00A8DBCF /* main.m */,
			);
			path = ZZeActionC;
			sourceTree = "<group>";
		};
		75EAA3891FA037FF00A8DBCF /* options */ = {
			isa = PBXGroup;
			children = (
				75EAA38A1FA0381A00A8DBCF /* C_options.h */,
				75EAA38B1FA0381A00A8DBCF /* C_options.m */,
			);
			path = options;
			sourceTree = "<group>";
		};
		8821C1F8393BAC0F9F36CF8F /* Frameworks */ = {
			isa = PBXGroup;
			children = (
				5470BC643DFA8780B1E6F762 /* libPods-ZZeActionC.a */,
			);
			name = Frameworks;
			sourceTree = "<group>";
		};
/* End PBXGroup section */

/* Begin PBXNativeTarget section */
		75EAA35E1F9DF07B00A8DBCF /* ZZeActionC */ = {
			isa = PBXNativeTarget;
			buildConfigurationList = 75EAA3751F9DF07C00A8DBCF /* Build configuration list for PBXNativeTarget "ZZeActionC" */;
			buildPhases = (
				FDED47C58C5F9C054A7D6E99 /* [CP] Check Pods Manifest.lock */,
				75EAA35B1F9DF07B00A8DBCF /* Sources */,
				75EAA35C1F9DF07B00A8DBCF /* Frameworks */,
				75EAA35D1F9DF07B00A8DBCF /* Resources */,
				3A0613D91B237755414BC36F /* [CP] Embed Pods Frameworks */,
				A42C9033ECB14C91F23294A4 /* [CP] Copy Pods Resources */,
			);
			buildRules = (
			);
			dependencies = (
			);
			name = ZZeActionC;
			productName = ZZeActionC;
			productReference = 75EAA35F1F9DF07B00A8DBCF /* ZZeActionC.app */;
			productType = "com.apple.product-type.application";
		};
/* End PBXNativeTarget section */

/* Begin PBXProject section */
		75EAA3571F9DF07B00A8DBCF /* Project object */ = {
			isa = PBXProject;
			attributes = {
				LastUpgradeCheck = 0900;
				ORGANIZATIONNAME = zz;
				TargetAttributes = {
					75EAA35E1F9DF07B00A8DBCF = {
						CreatedOnToolsVersion = 9.0;
						ProvisioningStyle = Automatic;
					};
				};
			};
			buildConfigurationList = 75EAA35A1F9DF07B00A8DBCF /* Build configuration list for PBXProject "ZZeActionC" */;
			compatibilityVersion = "Xcode 8.0";
			developmentRegion = en;
			hasScannedForEncodings = 0;
			knownRegions = (
				en,
				Base,
			);
			mainGroup = 75EAA3561F9DF07A00A8DBCF;
			productRefGroup = 75EAA3601F9DF07B00A8DBCF /* Products */;
			projectDirPath = "";
			projectRoot = "";
			targets = (
				75EAA35E1F9DF07B00A8DBCF /* ZZeActionC */,
			);
		};
/* End PBXProject section */

/* Begin PBXResourcesBuildPhase section */
		75EAA35D1F9DF07B00A8DBCF /* Resources */ = {
			isa = PBXResourcesBuildPhase;
			buildActionMask = 2147483647;
			files = (
				75EAA36F1F9DF07C00A8DBCF /* LaunchScreen.storyboard in Resources */,
				75EAA36C1F9DF07C00A8DBCF /* Assets.xcassets in Resources */,
				75EAA36A1F9DF07B00A8DBCF /* Main.storyboard in Resources */,
			);
			runOnlyForDeploymentPostprocessing = 0;
		};
/* End PBXResourcesBuildPhase section */

/* Begin PBXShellScriptBuildPhase section */
		3A0613D91B237755414BC36F /* [CP] Embed Pods Frameworks */ = {
			isa = PBXShellScriptBuildPhase;
			buildActionMask = 2147483647;
			files = (
			);
			inputPaths = (
			);
			name = "[CP] Embed Pods Frameworks";
			outputPaths = (
			);
			runOnlyForDeploymentPostprocessing = 0;
			shellPath = /bin/sh;
			shellScript = "\"${SRCROOT}/Pods/Target Support Files/Pods-ZZeActionC/Pods-ZZeActionC-frameworks.sh\"\n";
			showEnvVarsInLog = 0;
		};
		A42C9033ECB14C91F23294A4 /* [CP] Copy Pods Resources */ = {
			isa = PBXShellScriptBuildPhase;
			buildActionMask = 2147483647;
			files = (
			);
			inputPaths = (
			);
			name = "[CP] Copy Pods Resources";
			outputPaths = (
			);
			runOnlyForDeploymentPostprocessing = 0;
			shellPath = /bin/sh;
			shellScript = "\"${SRCROOT}/Pods/Target Support Files/Pods-ZZeActionC/Pods-ZZeActionC-resources.sh\"\n";
			showEnvVarsInLog = 0;
		};
		FDED47C58C5F9C054A7D6E99 /* [CP] Check Pods Manifest.lock */ = {
			isa = PBXShellScriptBuildPhase;
			buildActionMask = 2147483647;
			files = (
			);
			inputPaths = (
				"${PODS_PODFILE_DIR_PATH}/Podfile.lock",
				"${PODS_ROOT}/Manifest.lock",
			);
			name = "[CP] Check Pods Manifest.lock";
			outputPaths = (
				"$(DERIVED_FILE_DIR)/Pods-ZZeActionC-checkManifestLockResult.txt",
			);
			runOnlyForDeploymentPostprocessing = 0;
			shellPath = /bin/sh;
			shellScript = "diff \"${PODS_PODFILE_DIR_PATH}/Podfile.lock\" \"${PODS_ROOT}/Manifest.lock\" > /dev/null\nif [ $? != 0 ] ; then\n    # print error to STDERR\n    echo \"error: The sandbox is not in sync with the Podfile.lock. Run 'pod install' or update your CocoaPods installation.\" >&2\n    exit 1\nfi\n# This output is used by Xcode 'outputs' to avoid re-running this script phase.\necho \"SUCCESS\" > \"${SCRIPT_OUTPUT_FILE_0}\"\n";
			showEnvVarsInLog = 0;
		};
/* End PBXShellScriptBuildPhase section */

/* Begin PBXSourcesBuildPhase section */
		75EAA35B1F9DF07B00A8DBCF /* Sources */ = {
			isa = PBXSourcesBuildPhase;
			buildActionMask = 2147483647;
			files = (
				75EAA38C1FA0381A00A8DBCF /* C_options.m in Sources */,
				75EAA3671F9DF07B00A8DBCF /* ViewController.m in Sources */,
				75EAA3721F9DF07C00A8DBCF /* main.m in Sources */,
				75EAA3641F9DF07B00A8DBCF /* AppDelegate.m in Sources */,
			);
			runOnlyForDeploymentPostprocessing = 0;
		};
/* End PBXSourcesBuildPhase section */

/* Begin PBXVariantGroup section */
		75EAA3681F9DF07B00A8DBCF /* Main.storyboard */ = {
			isa = PBXVariantGroup;
			children = (
				75EAA3691F9DF07B00A8DBCF /* Base */,
			);
			name = Main.storyboard;
			sourceTree = "<group>";
		};
		75EAA36D1F9DF07C00A8DBCF /* LaunchScreen.storyboard */ = {
			isa = PBXVariantGroup;
			children = (
				75EAA36E1F9DF07C00A8DBCF /* Base */,
			);
			name = LaunchScreen.storyboard;
			sourceTree = "<group>";
		};
/* End PBXVariantGroup section */

/* Begin XCBuildConfiguration section */
		75EAA3731F9DF07C00A8DBCF /* Debug */ = {
			isa = XCBuildConfiguration;
			buildSettings = {
				ALWAYS_SEARCH_USER_PATHS = NO;
				CLANG_ANALYZER_NONNULL = YES;
				CLANG_ANALYZER_NUMBER_OBJECT_CONVERSION = YES_AGGRESSIVE;
				CLANG_CXX_LANGUAGE_STANDARD = "gnu++14";
				CLANG_CXX_LIBRARY = "libc++";
				CLANG_ENABLE_MODULES = YES;
				CLANG_ENABLE_OBJC_ARC = YES;
				CLANG_WARN_BLOCK_CAPTURE_AUTORELEASING = YES;
				CLANG_WARN_BOOL_CONVERSION = YES;
				CLANG_WARN_COMMA = YES;
				CLANG_WARN_CONSTANT_CONVERSION = YES;
				CLANG_WARN_DIRECT_OBJC_ISA_USAGE = YES_ERROR;
				CLANG_WARN_DOCUMENTATION_COMMENTS = YES;
				CLANG_WARN_EMPTY_BODY = YES;
				CLANG_WARN_ENUM_CONVERSION = YES;
				CLANG_WARN_INFINITE_RECURSION = YES;
				CLANG_WARN_INT_CONVERSION = YES;
				CLANG_WARN_NON_LITERAL_NULL_CONVERSION = YES;
				CLANG_WARN_OBJC_LITERAL_CONVERSION = YES;
				CLANG_WARN_OBJC_ROOT_CLASS = YES_ERROR;
				CLANG_WARN_RANGE_LOOP_ANALYSIS = YES;
				CLANG_WARN_STRICT_PROTOTYPES = YES;
				CLANG_WARN_SUSPICIOUS_MOVE = YES;
				CLANG_WARN_UNGUARDED_AVAILABILITY = YES_AGGRESSIVE;
				CLANG_WARN_UNREACHABLE_CODE = YES;
				CLANG_WARN__DUPLICATE_METHOD_MATCH = YES;
				CODE_SIGN_IDENTITY = "iPhone Developer";
				COPY_PHASE_STRIP = NO;
				DEBUG_INFORMATION_FORMAT = dwarf;
				ENABLE_STRICT_OBJC_MSGSEND = YES;
				ENABLE_TESTABILITY = YES;
				GCC_C_LANGUAGE_STANDARD = gnu11;
				GCC_DYNAMIC_NO_PIC = NO;
				GCC_NO_COMMON_BLOCKS = YES;
				GCC_OPTIMIZATION_LEVEL = 0;
				GCC_PREPROCESSOR_DEFINITIONS = (
					"DEBUG=1",
					"$(inherited)",
				);
				GCC_WARN_64_TO_32_BIT_CONVERSION = YES;
				GCC_WARN_ABOUT_RETURN_TYPE = YES_ERROR;
				GCC_WARN_UNDECLARED_SELECTOR = YES;
				GCC_WARN_UNINITIALIZED_AUTOS = YES_AGGRESSIVE;
				GCC_WARN_UNUSED_FUNCTION = YES;
				GCC_WARN_UNUSED_VARIABLE = YES;
				IPHONEOS_DEPLOYMENT_TARGET = 11.0;
				MTL_ENABLE_DEBUG_INFO = YES;
				ONLY_ACTIVE_ARCH = YES;
				SDKROOT = iphoneos;
			};
			name = Debug;
		};
		75EAA3741F9DF07C00A8DBCF /* Release */ = {
			isa = XCBuildConfiguration;
			buildSettings = {
				ALWAYS_SEARCH_USER_PATHS = NO;
				CLANG_ANALYZER_NONNULL = YES;
				CLANG_ANALYZER_NUMBER_OBJECT_CONVERSION = YES_AGGRESSIVE;
				CLANG_CXX_LANGUAGE_STANDARD = "gnu++14";
				CLANG_CXX_LIBRARY = "libc++";
				CLANG_ENABLE_MODULES = YES;
				CLANG_ENABLE_OBJC_ARC = YES;
				CLANG_WARN_BLOCK_CAPTURE_AUTORELEASING = YES;
				CLANG_WARN_BOOL_CONVERSION = YES;
				CLANG_WARN_COMMA = YES;
				CLANG_WARN_CONSTANT_CONVERSION = YES;
				CLANG_WARN_DIRECT_OBJC_ISA_USAGE = YES_ERROR;
				CLANG_WARN_DOCUMENTATION_COMMENTS = YES;
				CLANG_WARN_EMPTY_BODY = YES;
				CLANG_WARN_ENUM_CONVERSION = YES;
				CLANG_WARN_INFINITE_RECURSION = YES;
				CLANG_WARN_INT_CONVERSION = YES;
				CLANG_WARN_NON_LITERAL_NULL_CONVERSION = YES;
				CLANG_WARN_OBJC_LITERAL_CONVERSION = YES;
				CLANG_WARN_OBJC_ROOT_CLASS = YES_ERROR;
				CLANG_WARN_RANGE_LOOP_ANALYSIS = YES;
				CLANG_WARN_STRICT_PROTOTYPES = YES;
				CLANG_WARN_SUSPICIOUS_MOVE = YES;
				CLANG_WARN_UNGUARDED_AVAILABILITY = YES_AGGRESSIVE;
				CLANG_WARN_UNREACHABLE_CODE = YES;
				CLANG_WARN__DUPLICATE_METHOD_MATCH = YES;
				CODE_SIGN_IDENTITY = "iPhone Developer";
				COPY_PHASE_STRIP = NO;
				DEBUG_INFORMATION_FORMAT = "dwarf-with-dsym";
				ENABLE_NS_ASSERTIONS = NO;
				ENABLE_STRICT_OBJC_MSGSEND = YES;
				GCC_C_LANGUAGE_STANDARD = gnu11;
				GCC_NO_COMMON_BLOCKS = YES;
				GCC_WARN_64_TO_32_BIT_CONVERSION = YES;
				GCC_WARN_ABOUT_RETURN_TYPE = YES_ERROR;
				GCC_WARN_UNDECLARED_SELECTOR = YES;
				GCC_WARN_UNINITIALIZED_AUTOS = YES_AGGRESSIVE;
				GCC_WARN_UNUSED_FUNCTION = YES;
				GCC_WARN_UNUSED_VARIABLE = YES;
				IPHONEOS_DEPLOYMENT_TARGET = 11.0;
				MTL_ENABLE_DEBUG_INFO = NO;
				SDKROOT = iphoneos;
				VALIDATE_PRODUCT = YES;
			};
			name = Release;
		};
		75EAA3761F9DF07C00A8DBCF /* Debug */ = {
			isa = XCBuildConfiguration;
			baseConfigurationReference = 019EBFAD294052FD7647BA2A /* Pods-ZZeActionC.debug.xcconfig */;
			buildSettings = {
				ASSETCATALOG_COMPILER_APPICON_NAME = AppIcon;
				CODE_SIGN_STYLE = Automatic;
				INFOPLIST_FILE = ZZeActionC/Info.plist;
				LD_RUNPATH_SEARCH_PATHS = "$(inherited) @executable_path/Frameworks";
				PRODUCT_BUNDLE_IDENTIFIER = com.monster.ZZeActionC;
				PRODUCT_NAME = "$(TARGET_NAME)";
				TARGETED_DEVICE_FAMILY = "1,2";
			};
			name = Debug;
		};
		75EAA3771F9DF07C00A8DBCF /* Release */ = {
			isa = XCBuildConfiguration;
			baseConfigurationReference = 337C527AE3512DA49414C135 /* Pods-ZZeActionC.release.xcconfig */;
			buildSettings = {
				ASSETCATALOG_COMPILER_APPICON_NAME = AppIcon;
				CODE_SIGN_STYLE = Automatic;
				INFOPLIST_FILE = ZZeActionC/Info.plist;
				LD_RUNPATH_SEARCH_PATHS = "$(inherited) @executable_path/Frameworks";
				PRODUCT_BUNDLE_IDENTIFIER = com.monster.ZZeActionC;
				PRODUCT_NAME = "$(TARGET_NAME)";
				TARGETED_DEVICE_FAMILY = "1,2";
			};
			name = Release;
		};
/* End XCBuildConfiguration section */

/* Begin XCConfigurationList section */
		75EAA35A1F9DF07B00A8DBCF /* Build configuration list for PBXProject "ZZeActionC" */ = {
			isa = XCConfigurationList;
			buildConfigurations = (
				75EAA3731F9DF07C00A8DBCF /* Debug */,
				75EAA3741F9DF07C00A8DBCF /* Release */,
			);
			defaultConfigurationIsVisible = 0;
			defaultConfigurationName = Release;
		};
		75EAA3751F9DF07C00A8DBCF /* Build configuration list for PBXNativeTarget "ZZeActionC" */ = {
			isa = XCConfigurationList;
			buildConfigurations = (
				75EAA3761F9DF07C00A8DBCF /* Debug */,
				75EAA3771F9DF07C00A8DBCF /* Release */,
			);
			defaultConfigurationIsVisible = 0;
			defaultConfigurationName = Release;
		};
/* End XCConfigurationList section */
	};
	rootObject = 75EAA3571F9DF07B00A8DBCF /* Project object */;
}
